
Microsoft Visual Studio Solution File, Format Version 12.00
# Visual Studio Version 16
VisualStudioVersion = 16.0.30011.22
MinimumVisualStudioVersion = 10.0.40219.1
Project("{FAE04EC0-301F-11D3-BF4B-00C04F79EFBC}") = "AlgorytmGenetyczny", "AlgorytmGenetyczny\AlgorytmGenetyczny.csproj", "{14D68E9B-62B0-4431-8321-FCF51872448D}"
EndProject
Global
	GlobalSection(SolutionConfigurationPlatforms) = preSolution
		Debug|Any CPU = Debug|Any CPU
		Release|Any CPU = Release|Any CPU
	EndGlobalSection
	GlobalSection(ProjectConfigurationPlatforms) = postSolution
		{14D68E9B-62B0-4431-8321-FCF51872448D}.Debug|Any CPU.ActiveCfg = Debug|Any CPU
		{14D68E9B-62B0-4431-8321-FCF51872448D}.Debug|Any CPU.Build.0 = Debug|Any CPU
		{14D68E9B-62B0-4431-8321-FCF51872448D}.Release|Any CPU.ActiveCfg = Release|Any CPU
		{14D68E9B-62B0-4431-8321-FCF51872448D}.Release|Any CPU.Build.0 = Release|Any CPU
	EndGlobalSection
	GlobalSection(SolutionProperties) = preSolution
		HideSolutionNode = FALSE
	EndGlobalSection
	GlobalSection(ExtensibilityGlobals) = postSolution
		SolutionGuid = {E2772B20-72A5-4E67-B333-8F901C792C2D}
	EndGlobalSection
EndGlobal
